
Microsoft Visual Studio Solution File, Format Version 12.00
# Visual Studio Version 17
VisualStudioVersion = 17.6.33815.320
MinimumVisualStudioVersion = 10.0.40219.1
Project("{FAE04EC0-301F-11D3-BF4B-00C04F79EFBC}") = "IOTAppDashboardAPI", "IOTAppDashboardAPI\IOTAppDashboardAPI.csproj", "{A7DDF3F5-6DB1-430F-A463-675B35C5CDC6}"
EndProject
Global
	GlobalSection(SolutionConfigurationPlatforms) = preSolution
		Debug|Any CPU = Debug|Any CPU
		Release|Any CPU = Release|Any CPU
	EndGlobalSection
	GlobalSection(ProjectConfigurationPlatforms) = postSolution
		{A7DDF3F5-6DB1-430F-A463-675B35C5CDC6}.Debug|Any CPU.ActiveCfg = Debug|Any CPU
		{A7DDF3F5-6DB1-430F-A463-675B35C5CDC6}.Debug|Any CPU.Build.0 = Debug|Any CPU
		{A7DDF3F5-6DB1-430F-A463-675B35C5CDC6}.Release|Any CPU.ActiveCfg = Release|Any CPU
		{A7DDF3F5-6DB1-430F-A463-675B35C5CDC6}.Release|Any CPU.Build.0 = Release|Any CPU
	EndGlobalSection
	GlobalSection(SolutionProperties) = preSolution
		HideSolutionNode = FALSE
	EndGlobalSection
	GlobalSection(ExtensibilityGlobals) = postSolution
		SolutionGuid = {86F91C9E-B6AE-4FC5-BB9C-0B62B302CFAE}
	EndGlobalSection
EndGlobal
